
Microsoft Visual Studio Solution File, Format Version 12.00
# Visual Studio Version 17
VisualStudioVersion = 17.5.33414.496
MinimumVisualStudioVersion = 10.0.40219.1
Project("{FAE04EC0-301F-11D3-BF4B-00C04F79EFBC}") = "Practice_3", "Practice_3\Practice_3.csproj", "{A346DA8E-1FBA-4A60-B485-D7068C31B69E}"
EndProject
Global
	GlobalSection(SolutionConfigurationPlatforms) = preSolution
		Debug|Any CPU = Debug|Any CPU
		Release|Any CPU = Release|Any CPU
	EndGlobalSection
	GlobalSection(ProjectConfigurationPlatforms) = postSolution
		{A346DA8E-1FBA-4A60-B485-D7068C31B69E}.Debug|Any CPU.ActiveCfg = Debug|Any CPU
		{A346DA8E-1FBA-4A60-B485-D7068C31B69E}.Debug|Any CPU.Build.0 = Debug|Any CPU
		{A346DA8E-1FBA-4A60-B485-D7068C31B69E}.Release|Any CPU.ActiveCfg = Release|Any CPU
		{A346DA8E-1FBA-4A60-B485-D7068C31B69E}.Release|Any CPU.Build.0 = Release|Any CPU
	EndGlobalSection
	GlobalSection(SolutionProperties) = preSolution
		HideSolutionNode = FALSE
	EndGlobalSection
	GlobalSection(ExtensibilityGlobals) = postSolution
		SolutionGuid = {3C75EB3D-A5B8-4E32-922C-DE0EA753275F}
	EndGlobalSection
EndGlobal
